// !$*UTF8*$!
{
	archiveVersion = 1;
	classes = {
	};
	objectVersion = 50;
	objects = {

/* Begin PBXBuildFile section */
		03A461FE2223ADB100F27FD9 /* AppDelegate.swift in Sources */ = {isa = PBXBuildFile; fileRef = 03A461FD2223ADB100F27FD9 /* AppDelegate.swift */; };
		03A462002223ADB100F27FD9 /* ViewController.swift in Sources */ = {isa = PBXBuildFile; fileRef = 03A461FF2223ADB100F27FD9 /* ViewController.swift */; };
		03A462032223ADB100F27FD9 /* Main.storyboard in Resources */ = {isa = PBXBuildFile; fileRef = 03A462012223ADB100F27FD9 /* Main.storyboard */; };
		03A462052223ADB200F27FD9 /* Assets.xcassets in Resources */ = {isa = PBXBuildFile; fileRef = 03A462042223ADB200F27FD9 /* Assets.xcassets */; };
		03A462082223ADB200F27FD9 /* LaunchScreen.storyboard in Resources */ = {isa = PBXBuildFile; fileRef = 03A462062223ADB200F27FD9 /* LaunchScreen.storyboard */; };
		03A462132223ADB200F27FD9 /* Draw_UndoTests.swift in Sources */ = {isa = PBXBuildFile; fileRef = 03A462122223ADB200F27FD9 /* Draw_UndoTests.swift */; };
		03A4621E2223ADB200F27FD9 /* Draw_UndoUITests.swift in Sources */ = {isa = PBXBuildFile; fileRef = 03A4621D2223ADB200F27FD9 /* Draw_UndoUITests.swift */; };
		03A4622D2223D2E500F27FD9 /* Cavas.swift in Sources */ = {isa = PBXBuildFile; fileRef = 03A4622C2223D2E500F27FD9 /* Cavas.swift */; };
		03A46231222541BE00F27FD9 /* line.swift in Sources */ = {isa = PBXBuildFile; fileRef = 03A46230222541BE00F27FD9 /* line.swift */; };
/* End PBXBuildFile section */

/* Begin PBXContainerItemProxy section */
		03A4620F2223ADB200F27FD9 /* PBXContainerItemProxy */ = {
			isa = PBXContainerItemProxy;
			containerPortal = 03A461F22223ADB100F27FD9 /* Project object */;
			proxyType = 1;
			remoteGlobalIDString = 03A461F92223ADB100F27FD9;
			remoteInfo = "Draw-Undo";
		};
		03A4621A2223ADB200F27FD9 /* PBXContainerItemProxy */ = {
			isa = PBXContainerItemProxy;
			containerPortal = 03A461F22223ADB100F27FD9 /* Project object */;
			proxyType = 1;
			remoteGlobalIDString = 03A461F92223ADB100F27FD9;
			remoteInfo = "Draw-Undo";
		};
/* End PBXContainerItemProxy section */

/* Begin PBXFileReference section */
		03A461FA2223ADB100F27FD9 /* Draw-Undo.app */ = {isa = PBXFileReference; explicitFileType = wrapper.application; includeInIndex = 0; path = "Draw-Undo.app"; sourceTree = BUILT_PRODUCTS_DIR; };
		03A461FD2223ADB100F27FD9 /* AppDelegate.swift */ = {isa = PBXFileReference; lastKnownFileType = sourcecode.swift; path = AppDelegate.swift; sourceTree = "<group>"; };
		03A461FF2223ADB100F27FD9 /* ViewController.swift */ = {isa = PBXFileReference; lastKnownFileType = sourcecode.swift; path = ViewController.swift; sourceTree = "<group>"; };
		03A462022223ADB100F27FD9 /* Base */ = {isa = PBXFileReference; lastKnownFileType = file.storyboard; name = Base; path = Base.lproj/Main.storyboard; sourceTree = "<group>"; };
		03A462042223ADB200F27FD9 /* Assets.xcassets */ = {isa = PBXFileReference; lastKnownFileType = folder.assetcatalog; path = Assets.xcassets; sourceTree = "<group>"; };
		03A462072223ADB200F27FD9 /* Base */ = {isa = PBXFileReference; lastKnownFileType = file.storyboard; name = Base; path = Base.lproj/LaunchScreen.storyboard; sourceTree = "<group>"; };
		03A462092223ADB200F27FD9 /* Info.plist */ = {isa = PBXFileReference; lastKnownFileType = text.plist.xml; path = Info.plist; sourceTree = "<group>"; };
		03A4620E2223ADB200F27FD9 /* Draw-UndoTests.xctest */ = {isa = PBXFileReference; explicitFileType = wrapper.cfbundle; includeInIndex = 0; path = "Draw-UndoTests.xctest"; sourceTree = BUILT_PRODUCTS_DIR; };
		03A462122223ADB200F27FD9 /* Draw_UndoTests.swift */ = {isa = PBXFileReference; lastKnownFileType = sourcecode.swift; path = Draw_UndoTests.swift; sourceTree = "<group>"; };
		03A462142223ADB200F27FD9 /* Info.plist */ = {isa = PBXFileReference; lastKnownFileType = text.plist.xml; path = Info.plist; sourceTree = "<group>"; };
		03A462192223ADB200F27FD9 /* Draw-UndoUITests.xctest */ = {isa = PBXFileReference; explicitFileType = wrapper.cfbundle; includeInIndex = 0; path = "Draw-UndoUITests.xctest"; sourceTree = BUILT_PRODUCTS_DIR; };
		03A4621D2223ADB200F27FD9 /* Draw_UndoUITests.swift */ = {isa = PBXFileReference; lastKnownFileType = sourcecode.swift; path = Draw_UndoUITests.swift; sourceTree = "<group>"; };
		03A4621F2223ADB200F27FD9 /* Info.plist */ = {isa = PBXFileReference; lastKnownFileType = text.plist.xml; path = Info.plist; sourceTree = "<group>"; };
		03A4622C2223D2E500F27FD9 /* Cavas.swift */ = {isa = PBXFileReference; lastKnownFileType = sourcecode.swift; path = Cavas.swift; sourceTree = "<group>"; };
		03A46230222541BE00F27FD9 /* line.swift */ = {isa = PBXFileReference; lastKnownFileType = sourcecode.swift; path = line.swift; sourceTree = "<group>"; };
/* End PBXFileReference section */

/* Begin PBXFrameworksBuildPhase section */
		03A461F72223ADB100F27FD9 /* Frameworks */ = {
			isa = PBXFrameworksBuildPhase;
			buildActionMask = 2147483647;
			files = (
			);
			runOnlyForDeploymentPostprocessing = 0;
		};
		03A4620B2223ADB200F27FD9 /* Frameworks */ = {
			isa = PBXFrameworksBuildPhase;
			buildActionMask = 2147483647;
			files = (
			);
			runOnlyForDeploymentPostprocessing = 0;
		};
		03A462162223ADB200F27FD9 /* Frameworks */ = {
			isa = PBXFrameworksBuildPhase;
			buildActionMask = 2147483647;
			files = (
			);
			runOnlyForDeploymentPostprocessing = 0;
		};
/* End PBXFrameworksBuildPhase section */

/* Begin PBXGroup section */
		03A461F12223ADB100F27FD9 = {
			isa = PBXGroup;
			children = (
				03A461FC2223ADB100F27FD9 /* Draw-Undo */,
				03A462112223ADB200F27FD9 /* Draw-UndoTests */,
				03A4621C2223ADB200F27FD9 /* Draw-UndoUITests */,
				03A461FB2223ADB100F27FD9 /* Products */,
			);
			sourceTree = "<group>";
		};
		03A461FB2223ADB100F27FD9 /* Products */ = {
			isa = PBXGroup;
			children = (
				03A461FA2223ADB100F27FD9 /* Draw-Undo.app */,
				03A4620E2223ADB200F27FD9 /* Draw-UndoTests.xctest */,
				03A462192223ADB200F27FD9 /* Draw-UndoUITests.xctest */,
			);
			name = Products;
			sourceTree = "<group>";
		};
		03A461FC2223ADB100F27FD9 /* Draw-Undo */ = {
			isa = PBXGroup;
			children = (
				03A4622F222541A900F27FD9 /* Model */,
				03A4622E2223D32A00F27FD9 /* Controllers */,
				03A4622B2223D2D900F27FD9 /* Views */,
				03A461FD2223ADB100F27FD9 /* AppDelegate.swift */,
				03A462012223ADB100F27FD9 /* Main.storyboard */,
				03A462042223ADB200F27FD9 /* Assets.xcassets */,
				03A462062223ADB200F27FD9 /* LaunchScreen.storyboard */,
				03A462092223ADB200F27FD9 /* Info.plist */,
			);
			path = "Draw-Undo";
			sourceTree = "<group>";
		};
		03A462112223ADB200F27FD9 /* Draw-UndoTests */ = {
			isa = PBXGroup;
			children = (
				03A462122223ADB200F27FD9 /* Draw_UndoTests.swift */,
				03A462142223ADB200F27FD9 /* Info.plist */,
			);
			path = "Draw-UndoTests";
			sourceTree = "<group>";
		};
		03A4621C2223ADB200F27FD9 /* Draw-UndoUITests */ = {
			isa = PBXGroup;
			children = (
				03A4621D2223ADB200F27FD9 /* Draw_UndoUITests.swift */,
				03A4621F2223ADB200F27FD9 /* Info.plist */,
			);
			path = "Draw-UndoUITests";
			sourceTree = "<group>";
		};
		03A4622B2223D2D900F27FD9 /* Views */ = {
			isa = PBXGroup;
			children = (
				03A4622C2223D2E500F27FD9 /* Cavas.swift */,
			);
			path = Views;
			sourceTree = "<group>";
		};
		03A4622E2223D32A00F27FD9 /* Controllers */ = {
			isa = PBXGroup;
			children = (
				03A461FF2223ADB100F27FD9 /* ViewController.swift */,
			);
			path = Controllers;
			sourceTree = "<group>";
		};
		03A4622F222541A900F27FD9 /* Model */ = {
			isa = PBXGroup;
			children = (
				03A46230222541BE00F27FD9 /* line.swift */,
			);
			path = Model;
			sourceTree = "<group>";
		};
/* End PBXGroup section */

/* Begin PBXNativeTarget section */
		03A461F92223ADB100F27FD9 /* Draw-Undo */ = {
			isa = PBXNativeTarget;
			buildConfigurationList = 03A462222223ADB200F27FD9 /* Build configuration list for PBXNativeTarget "Draw-Undo" */;
			buildPhases = (
				03A461F62223ADB100F27FD9 /* Sources */,
				03A461F72223ADB100F27FD9 /* Frameworks */,
				03A461F82223ADB100F27FD9 /* Resources */,
			);
			buildRules = (
			);
			dependencies = (
			);
			name = "Draw-Undo";
			productName = "Draw-Undo";
			productReference = 03A461FA2223ADB100F27FD9 /* Draw-Undo.app */;
			productType = "com.apple.product-type.application";
		};
		03A4620D2223ADB200F27FD9 /* Draw-UndoTests */ = {
			isa = PBXNativeTarget;
			buildConfigurationList = 03A462252223ADB200F27FD9 /* Build configuration list for PBXNativeTarget "Draw-UndoTests" */;
			buildPhases = (
				03A4620A2223ADB200F27FD9 /* Sources */,
				03A4620B2223ADB200F27FD9 /* Frameworks */,
				03A4620C2223ADB200F27FD9 /* Resources */,
			);
			buildRules = (
			);
			dependencies = (
				03A462102223ADB200F27FD9 /* PBXTargetDependency */,
			);
			name = "Draw-UndoTests";
			productName = "Draw-UndoTests";
			productReference = 03A4620E2223ADB200F27FD9 /* Draw-UndoTests.xctest */;
			productType = "com.apple.product-type.bundle.unit-test";
		};
		03A462182223ADB200F27FD9 /* Draw-UndoUITests */ = {
			isa = PBXNativeTarget;
			buildConfigurationList = 03A462282223ADB200F27FD9 /* Build configuration list for PBXNativeTarget "Draw-UndoUITests" */;
			buildPhases = (
				03A462152223ADB200F27FD9 /* Sources */,
				03A462162223ADB200F27FD9 /* Frameworks */,
				03A462172223ADB200F27FD9 /* Resources */,
			);
			buildRules = (
			);
			dependencies = (
				03A4621B2223ADB200F27FD9 /* PBXTargetDependency */,
			);
			name = "Draw-UndoUITests";
			productName = "Draw-UndoUITests";
			productReference = 03A462192223ADB200F27FD9 /* Draw-UndoUITests.xctest */;
			productType = "com.apple.product-type.bundle.ui-testing";
		};
/* End PBXNativeTarget section */

/* Begin PBXProject section */
		03A461F22223ADB100F27FD9 /* Project object */ = {
			isa = PBXProject;
			attributes = {
				LastSwiftUpdateCheck = 1010;
				LastUpgradeCheck = 1010;
				ORGANIZATIONNAME = "Naattudurai Eswaramurthy";
				TargetAttributes = {
					03A461F92223ADB100F27FD9 = {
						CreatedOnToolsVersion = 10.1;
					};
					03A4620D2223ADB200F27FD9 = {
						CreatedOnToolsVersion = 10.1;
						TestTargetID = 03A461F92223ADB100F27FD9;
					};
					03A462182223ADB200F27FD9 = {
						CreatedOnToolsVersion = 10.1;
						TestTargetID = 03A461F92223ADB100F27FD9;
					};
				};
			};
			buildConfigurationList = 03A461F52223ADB100F27FD9 /* Build configuration list for PBXProject "Draw-Undo" */;
			compatibilityVersion = "Xcode 9.3";
			developmentRegion = en;
			hasScannedForEncodings = 0;
			knownRegions = (
				en,
				Base,
			);
			mainGroup = 03A461F12223ADB100F27FD9;
			productRefGroup = 03A461FB2223ADB100F27FD9 /* Products */;
			projectDirPath = "";
			projectRoot = "";
			targets = (
				03A461F92223ADB100F27FD9 /* Draw-Undo */,
				03A4620D2223ADB200F27FD9 /* Draw-UndoTests */,
				03A462182223ADB200F27FD9 /* Draw-UndoUITests */,
			);
		};
/* End PBXProject section */

/* Begin PBXResourcesBuildPhase section */
		03A461F82223ADB100F27FD9 /* Resources */ = {
			isa = PBXResourcesBuildPhase;
			buildActionMask = 2147483647;
			files = (
				03A462082223ADB200F27FD9 /* LaunchScreen.storyboard in Resources */,
				03A462052223ADB200F27FD9 /* Assets.xcassets in Resources */,
				03A462032223ADB100F27FD9 /* Main.storyboard in Resources */,
			);
			runOnlyForDeploymentPostprocessing = 0;
		};
		03A4620C2223ADB200F27FD9 /* Resources */ = {
			isa = PBXResourcesBuildPhase;
			buildActionMask = 2147483647;
			files = (
			);
			runOnlyForDeploymentPostprocessing = 0;
		};
		03A462172223ADB200F27FD9 /* Resources */ = {
			isa = PBXResourcesBuildPhase;
			buildActionMask = 2147483647;
			files = (
			);
			runOnlyForDeploymentPostprocessing = 0;
		};
/* End PBXResourcesBuildPhase section */

/* Begin PBXSourcesBuildPhase section */
		03A461F62223ADB100F27FD9 /* Sources */ = {
			isa = PBXSourcesBuildPhase;
			buildActionMask = 2147483647;
			files = (
				03A462002223ADB100F27FD9 /* ViewController.swift in Sources */,
				03A46231222541BE00F27FD9 /* line.swift in Sources */,
				03A4622D2223D2E500F27FD9 /* Cavas.swift in Sources */,
				03A461FE2223ADB100F27FD9 /* AppDelegate.swift in Sources */,
			);
			runOnlyForDeploymentPostprocessing = 0;
		};
		03A4620A2223ADB200F27FD9 /* Sources */ = {
			isa = PBXSourcesBuildPhase;
			buildActionMask = 2147483647;
			files = (
				03A462132223ADB200F27FD9 /* Draw_UndoTests.swift in Sources */,
			);
			runOnlyForDeploymentPostprocessing = 0;
		};
		03A462152223ADB200F27FD9 /* Sources */ = {
			isa = PBXSourcesBuildPhase;
			buildActionMask = 2147483647;
			files = (
				03A4621E2223ADB200F27FD9 /* Draw_UndoUITests.swift in Sources */,
			);
			runOnlyForDeploymentPostprocessing = 0;
		};
/* End PBXSourcesBuildPhase section */

/* Begin PBXTargetDependency section */
		03A462102223ADB200F27FD9 /* PBXTargetDependency */ = {
			isa = PBXTargetDependency;
			target = 03A461F92223ADB100F27FD9 /* Draw-Undo */;
			targetProxy = 03A4620F2223ADB200F27FD9 /* PBXContainerItemProxy */;
		};
		03A4621B2223ADB200F27FD9 /* PBXTargetDependency */ = {
			isa = PBXTargetDependency;
			target = 03A461F92223ADB100F27FD9 /* Draw-Undo */;
			targetProxy = 03A4621A2223ADB200F27FD9 /* PBXContainerItemProxy */;
		};
/* End PBXTargetDependency section */

/* Begin PBXVariantGroup section */
		03A462012223ADB100F27FD9 /* Main.storyboard */ = {
			isa = PBXVariantGroup;
			children = (
				03A462022223ADB100F27FD9 /* Base */,
			);
			name = Main.storyboard;
			sourceTree = "<group>";
		};
		03A462062223ADB200F27FD9 /* LaunchScreen.storyboard */ = {
			isa = PBXVariantGroup;
			children = (
				03A462072223ADB200F27FD9 /* Base */,
			);
			name = LaunchScreen.storyboard;
			sourceTree = "<group>";
		};
/* End PBXVariantGroup section */

/* Begin XCBuildConfiguration section */
		03A462202223ADB200F27FD9 /* Debug */ = {
			isa = XCBuildConfiguration;
			buildSettings = {
				ALWAYS_SEARCH_USER_PATHS = NO;
				CLANG_ANALYZER_NONNULL = YES;
				CLANG_ANALYZER_NUMBER_OBJECT_CONVERSION = YES_AGGRESSIVE;
				CLANG_CXX_LANGUAGE_STANDARD = "gnu++14";
				CLANG_CXX_LIBRARY = "libc++";
				CLANG_ENABLE_MODULES = YES;
				CLANG_ENABLE_OBJC_ARC = YES;
				CLANG_ENABLE_OBJC_WEAK = YES;
				CLANG_WARN_BLOCK_CAPTURE_AUTORELEASING = YES;
				CLANG_WARN_BOOL_CONVERSION = YES;
				CLANG_WARN_COMMA = YES;
				CLANG_WARN_CONSTANT_CONVERSION = YES;
				CLANG_WARN_DEPRECATED_OBJC_IMPLEMENTATIONS = YES;
				CLANG_WARN_DIRECT_OBJC_ISA_USAGE = YES_ERROR;
				CLANG_WARN_DOCUMENTATION_COMMENTS = YES;
				CLANG_WARN_EMPTY_BODY = YES;
				CLANG_WARN_ENUM_CONVERSION = YES;
				CLANG_WARN_INFINITE_RECURSION = YES;
				CLANG_WARN_INT_CONVERSION = YES;
				CLANG_WARN_NON_LITERAL_NULL_CONVERSION = YES;
				CLANG_WARN_OBJC_IMPLICIT_RETAIN_SELF = YES;
				CLANG_WARN_OBJC_LITERAL_CONVERSION = YES;
				CLANG_WARN_OBJC_ROOT_CLASS = YES_ERROR;
				CLANG_WARN_RANGE_LOOP_ANALYSIS = YES;
				CLANG_WARN_STRICT_PROTOTYPES = YES;
				CLANG_WARN_SUSPICIOUS_MOVE = YES;
				CLANG_WARN_UNGUARDED_AVAILABILITY = YES_AGGRESSIVE;
				CLANG_WARN_UNREACHABLE_CODE = YES;
				CLANG_WARN__DUPLICATE_METHOD_MATCH = YES;
				CODE_SIGN_IDENTITY = "iPhone Developer";
				COPY_PHASE_STRIP = NO;
				DEBUG_INFORMATION_FORMAT = dwarf;
				ENABLE_STRICT_OBJC_MSGSEND = YES;
				ENABLE_TESTABILITY = YES;
				GCC_C_LANGUAGE_STANDARD = gnu11;
				GCC_DYNAMIC_NO_PIC = NO;
				GCC_NO_COMMON_BLOCKS = YES;
				GCC_OPTIMIZATION_LEVEL = 0;
				GCC_PREPROCESSOR_DEFINITIONS = (
					"DEBUG=1",
					"$(inherited)",
				);
				GCC_WARN_64_TO_32_BIT_CONVERSION = YES;
				GCC_WARN_ABOUT_RETURN_TYPE = YES_ERROR;
				GCC_WARN_UNDECLARED_SELECTOR = YES;
				GCC_WARN_UNINITIALIZED_AUTOS = YES_AGGRESSIVE;
				GCC_WARN_UNUSED_FUNCTION = YES;
				GCC_WARN_UNUSED_VARIABLE = YES;
				IPHONEOS_DEPLOYMENT_TARGET = 12.1;
				MTL_ENABLE_DEBUG_INFO = INCLUDE_SOURCE;
				MTL_FAST_MATH = YES;
				ONLY_ACTIVE_ARCH = YES;
				SDKROOT = iphoneos;
				SWIFT_ACTIVE_COMPILATION_CONDITIONS = DEBUG;
				SWIFT_OPTIMIZATION_LEVEL = "-Onone";
			};
			name = Debug;
		};
		03A462212223ADB200F27FD9 /* Release */ = {
			isa = XCBuildConfiguration;
			buildSettings = {
				ALWAYS_SEARCH_USER_PATHS = NO;
				CLANG_ANALYZER_NONNULL = YES;
				CLANG_ANALYZER_NUMBER_OBJECT_CONVERSION = YES_AGGRESSIVE;
				CLANG_CXX_LANGUAGE_STANDARD = "gnu++14";
				CLANG_CXX_LIBRARY = "libc++";
				CLANG_ENABLE_MODULES = YES;
				CLANG_ENABLE_OBJC_ARC = YES;
				CLANG_ENABLE_OBJC_WEAK = YES;
				CLANG_WARN_BLOCK_CAPTURE_AUTORELEASING = YES;
				CLANG_WARN_BOOL_CONVERSION = YES;
				CLANG_WARN_COMMA = YES;
				CLANG_WARN_CONSTANT_CONVERSION = YES;
				CLANG_WARN_DEPRECATED_OBJC_IMPLEMENTATIONS = YES;
				CLANG_WARN_DIRECT_OBJC_ISA_USAGE = YES_ERROR;
				CLANG_WARN_DOCUMENTATION_COMMENTS = YES;
				CLANG_WARN_EMPTY_BODY = YES;
				CLANG_WARN_ENUM_CONVERSION = YES;
				CLANG_WARN_INFINITE_RECURSION = YES;
				CLANG_WARN_INT_CONVERSION = YES;
				CLANG_WARN_NON_LITERAL_NULL_CONVERSION = YES;
				CLANG_WARN_OBJC_IMPLICIT_RETAIN_SELF = YES;
				CLANG_WARN_OBJC_LITERAL_CONVERSION = YES;
				CLANG_WARN_OBJC_ROOT_CLASS = YES_ERROR;
				CLANG_WARN_RANGE_LOOP_ANALYSIS = YES;
				CLANG_WARN_STRICT_PROTOTYPES = YES;
				CLANG_WARN_SUSPICIOUS_MOVE = YES;
				CLANG_WARN_UNGUARDED_AVAILABILITY = YES_AGGRESSIVE;
				CLANG_WARN_UNREACHABLE_CODE = YES;
				CLANG_WARN__DUPLICATE_METHOD_MATCH = YES;
				CODE_SIGN_IDENTITY = "iPhone Developer";
				COPY_PHASE_STRIP = NO;
				DEBUG_INFORMATION_FORMAT = "dwarf-with-dsym";
				ENABLE_NS_ASSERTIONS = NO;
				ENABLE_STRICT_OBJC_MSGSEND = YES;
				GCC_C_LANGUAGE_STANDARD = gnu11;
				GCC_NO_COMMON_BLOCKS = YES;
				GCC_WARN_64_TO_32_BIT_CONVERSION = YES;
				GCC_WARN_ABOUT_RETURN_TYPE = YES_ERROR;
				GCC_WARN_UNDECLARED_SELECTOR = YES;
				GCC_WARN_UNINITIALIZED_AUTOS = YES_AGGRESSIVE;
				GCC_WARN_UNUSED_FUNCTION = YES;
				GCC_WARN_UNUSED_VARIABLE = YES;
				IPHONEOS_DEPLOYMENT_TARGET = 12.1;
				MTL_ENABLE_DEBUG_INFO = NO;
				MTL_FAST_MATH = YES;
				SDKROOT = iphoneos;
				SWIFT_COMPILATION_MODE = wholemodule;
				SWIFT_OPTIMIZATION_LEVEL = "-O";
				VALIDATE_PRODUCT = YES;
			};
			name = Release;
		};
		03A462232223ADB200F27FD9 /* Debug */ = {
			isa = XCBuildConfiguration;
			buildSettings = {
				ASSETCATALOG_COMPILER_APPICON_NAME = AppIcon;
				CODE_SIGN_IDENTITY = "iPhone Distribution";
				CODE_SIGN_STYLE = Manual;
				DEVELOPMENT_TEAM = 8WR9DN7HHX;
				INFOPLIST_FILE = "Draw-Undo/Info.plist";
				LD_RUNPATH_SEARCH_PATHS = (
					"$(inherited)",
					"@executable_path/Frameworks",
				);
				PRODUCT_BUNDLE_IDENTIFIER = "com.ef.language.SwiftDrawUndo.Draw-Undo";
				PRODUCT_NAME = "$(TARGET_NAME)";
				PROVISIONING_PROFILE_SPECIFIER = "EF Language Wildcard Distribution";
				SWIFT_VERSION = 4.2;
				TARGETED_DEVICE_FAMILY = "1,2";
			};
			name = Debug;
		};
		03A462242223ADB200F27FD9 /* Release */ = {
			isa = XCBuildConfiguration;
			buildSettings = {
				ASSETCATALOG_COMPILER_APPICON_NAME = AppIcon;
				CODE_SIGN_IDENTITY = "iPhone Distribution";
				CODE_SIGN_STYLE = Manual;
				DEVELOPMENT_TEAM = 8WR9DN7HHX;
				INFOPLIST_FILE = "Draw-Undo/Info.plist";
				LD_RUNPATH_SEARCH_PATHS = (
					"$(inherited)",
					"@executable_path/Frameworks",
				);
				PRODUCT_BUNDLE_IDENTIFIER = "com.ef.language.SwiftDrawUndo.Draw-Undo";
				PRODUCT_NAME = "$(TARGET_NAME)";
				PROVISIONING_PROFILE_SPECIFIER = "EF Language Wildcard Distribution";
				SWIFT_VERSION = 4.2;
				TARGETED_DEVICE_FAMILY = "1,2";
			};
			name = Release;
		};
		03A462262223ADB200F27FD9 /* Debug */ = {
			isa = XCBuildConfiguration;
			buildSettings = {
				ALWAYS_EMBED_SWIFT_STANDARD_LIBRARIES = YES;
				BUNDLE_LOADER = "$(TEST_HOST)";
				CODE_SIGN_STYLE = Automatic;
				INFOPLIST_FILE = "Draw-UndoTests/Info.plist";
				LD_RUNPATH_SEARCH_PATHS = (
					"$(inherited)",
					"@executable_path/Frameworks",
					"@loader_path/Frameworks",
				);
				PRODUCT_BUNDLE_IDENTIFIER = "com.ef.language.SwiftDrawUndo.Draw-UndoTests";
				PRODUCT_NAME = "$(TARGET_NAME)";
				SWIFT_VERSION = 4.2;
				TARGETED_DEVICE_FAMILY = "1,2";
				TEST_HOST = "$(BUILT_PRODUCTS_DIR)/Draw-Undo.app/Draw-Undo";
			};
			name = Debug;
		};
		03A462272223ADB200F27FD9 /* Release */ = {
			isa = XCBuildConfiguration;
			buildSettings = {
				ALWAYS_EMBED_SWIFT_STANDARD_LIBRARIES = YES;
				BUNDLE_LOADER = "$(TEST_HOST)";
				CODE_SIGN_STYLE = Automatic;
				INFOPLIST_FILE = "Draw-UndoTests/Info.plist";
				LD_RUNPATH_SEARCH_PATHS = (
					"$(inherited)",
					"@executable_path/Frameworks",
					"@loader_path/Frameworks",
				);
				PRODUCT_BUNDLE_IDENTIFIER = "com.ef.language.SwiftDrawUndo.Draw-UndoTests";
				PRODUCT_NAME = "$(TARGET_NAME)";
				SWIFT_VERSION = 4.2;
				TARGETED_DEVICE_FAMILY = "1,2";
				TEST_HOST = "$(BUILT_PRODUCTS_DIR)/Draw-Undo.app/Draw-Undo";
			};
			name = Release;
		};
		03A462292223ADB200F27FD9 /* Debug */ = {
			isa = XCBuildConfiguration;
			buildSettings = {
				ALWAYS_EMBED_SWIFT_STANDARD_LIBRARIES = YES;
				CODE_SIGN_STYLE = Automatic;
				INFOPLIST_FILE = "Draw-UndoUITests/Info.plist";
				LD_RUNPATH_SEARCH_PATHS = (
					"$(inherited)",
					"@executable_path/Frameworks",
					"@loader_path/Frameworks",
				);
				PRODUCT_BUNDLE_IDENTIFIER = "com.ef.language.SwiftDrawUndo.Draw-UndoUITests";
				PRODUCT_NAME = "$(TARGET_NAME)";
				SWIFT_VERSION = 4.2;
				TARGETED_DEVICE_FAMILY = "1,2";
				TEST_TARGET_NAME = "Draw-Undo";
			};
			name = Debug;
		};
		03A4622A2223ADB200F27FD9 /* Release */ = {
			isa = XCBuildConfiguration;
			buildSettings = {
				ALWAYS_EMBED_SWIFT_STANDARD_LIBRARIES = YES;
				CODE_SIGN_STYLE = Automatic;
				INFOPLIST_FILE = "Draw-UndoUITests/Info.plist";
				LD_RUNPATH_SEARCH_PATHS = (
					"$(inherited)",
					"@executable_path/Frameworks",
					"@loader_path/Frameworks",
				);
				PRODUCT_BUNDLE_IDENTIFIER = "com.ef.language.SwiftDrawUndo.Draw-UndoUITests";
				PRODUCT_NAME = "$(TARGET_NAME)";
				SWIFT_VERSION = 4.2;
				TARGETED_DEVICE_FAMILY = "1,2";
				TEST_TARGET_NAME = "Draw-Undo";
			};
			name = Release;
		};
/* End XCBuildConfiguration section */

/* Begin XCConfigurationList section */
		03A461F52223ADB100F27FD9 /* Build configuration list for PBXProject "Draw-Undo" */ = {
			isa = XCConfigurationList;
			buildConfigurations = (
				03A462202223ADB200F27FD9 /* Debug */,
				03A462212223ADB200F27FD9 /* Release */,
			);
			defaultConfigurationIsVisible = 0;
			defaultConfigurationName = Release;
		};
		03A462222223ADB200F27FD9 /* Build configuration list for PBXNativeTarget "Draw-Undo" */ = {
			isa = XCConfigurationList;
			buildConfigurations = (
				03A462232223ADB200F27FD9 /* Debug */,
				03A462242223ADB200F27FD9 /* Release */,
			);
			defaultConfigurationIsVisible = 0;
			defaultConfigurationName = Release;
		};
		03A462252223ADB200F27FD9 /* Build configuration list for PBXNativeTarget "Draw-UndoTests" */ = {
			isa = XCConfigurationList;
			buildConfigurations = (
				03A462262223ADB200F27FD9 /* Debug */,
				03A462272223ADB200F27FD9 /* Release */,
			);
			defaultConfigurationIsVisible = 0;
			defaultConfigurationName = Release;
		};
		03A462282223ADB200F27FD9 /* Build configuration list for PBXNativeTarget "Draw-UndoUITests" */ = {
			isa = XCConfigurationList;
			buildConfigurations = (
				03A462292223ADB200F27FD9 /* Debug */,
				03A4622A2223ADB200F27FD9 /* Release */,
			);
			defaultConfigurationIsVisible = 0;
			defaultConfigurationName = Release;
		};
/* End XCConfigurationList section */
	};
	rootObject = 03A461F22223ADB100F27FD9 /* Project object */;
}
